
Microsoft Visual Studio Solution File, Format Version 12.00
# Visual Studio Version 17
VisualStudioVersion = 17.8.34511.84
MinimumVisualStudioVersion = 10.0.40219.1
Project("{9A19103F-16F7-4668-BE54-9A1E7A4F7556}") = "BookStoreApp.Api", "BookStoreApp.Api\BookStoreApp.Api.csproj", "{E7C6B0CC-2B5F-433A-AD2C-3E8D052A80A0}"
EndProject
Project("{FAE04EC0-301F-11D3-BF4B-00C04F79EFBC}") = "BookStoreApp.Blazor.Server.UI", "BookStoreApp.Blazor.Server.UI\BookStoreApp.Blazor.Server.UI.csproj", "{A48CD642-03E9-477D-9366-0A3A1D4BB34A}"
EndProject
Global
	GlobalSection(SolutionConfigurationPlatforms) = preSolution
		Debug|Any CPU = Debug|Any CPU
		Release|Any CPU = Release|Any CPU
	EndGlobalSection
	GlobalSection(ProjectConfigurationPlatforms) = postSolution
		{E7C6B0CC-2B5F-433A-AD2C-3E8D052A80A0}.Debug|Any CPU.ActiveCfg = Debug|Any CPU
		{E7C6B0CC-2B5F-433A-AD2C-3E8D052A80A0}.Debug|Any CPU.Build.0 = Debug|Any CPU
		{E7C6B0CC-2B5F-433A-AD2C-3E8D052A80A0}.Release|Any CPU.ActiveCfg = Release|Any CPU
		{E7C6B0CC-2B5F-433A-AD2C-3E8D052A80A0}.Release|Any CPU.Build.0 = Release|Any CPU
		{A48CD642-03E9-477D-9366-0A3A1D4BB34A}.Debug|Any CPU.ActiveCfg = Debug|Any CPU
		{A48CD642-03E9-477D-9366-0A3A1D4BB34A}.Debug|Any CPU.Build.0 = Debug|Any CPU
		{A48CD642-03E9-477D-9366-0A3A1D4BB34A}.Release|Any CPU.ActiveCfg = Release|Any CPU
		{A48CD642-03E9-477D-9366-0A3A1D4BB34A}.Release|Any CPU.Build.0 = Release|Any CPU
	EndGlobalSection
	GlobalSection(SolutionProperties) = preSolution
		HideSolutionNode = FALSE
	EndGlobalSection
	GlobalSection(ExtensibilityGlobals) = postSolution
		SolutionGuid = {2C06B0AA-6BDC-4A0D-B8D5-697F5135001A}
	EndGlobalSection
EndGlobal
